// !$*UTF8*$!
{
	archiveVersion = 1;
	classes = {
	};
	objectVersion = 50;
	objects = {

/* Begin PBXBuildFile section */
		011D293E4F671CF538610D74 /* Pods_DemoCB.framework in Frameworks */ = {isa = PBXBuildFile; fileRef = D02689FADB1226FB81ACA18C /* Pods_DemoCB.framework */; };
		3ABFF3BB221BFFFA000108B5 /* AppDelegate.swift in Sources */ = {isa = PBXBuildFile; fileRef = 3ABFF3BA221BFFFA000108B5 /* AppDelegate.swift */; };
		3ABFF3BD221BFFFA000108B5 /* ChatBotVC.swift in Sources */ = {isa = PBXBuildFile; fileRef = 3ABFF3BC221BFFFA000108B5 /* ChatBotVC.swift */; };
		3ABFF3BF221BFFFA000108B5 /* SecondChatVC.swift in Sources */ = {isa = PBXBuildFile; fileRef = 3ABFF3BE221BFFFA000108B5 /* SecondChatVC.swift */; };
		3ABFF3C2221BFFFA000108B5 /* Main.storyboard in Resources */ = {isa = PBXBuildFile; fileRef = 3ABFF3C0221BFFFA000108B5 /* Main.storyboard */; };
		3ABFF3C4221BFFFF000108B5 /* Assets.xcassets in Resources */ = {isa = PBXBuildFile; fileRef = 3ABFF3C3221BFFFF000108B5 /* Assets.xcassets */; };
		3ABFF3C7221BFFFF000108B5 /* LaunchScreen.storyboard in Resources */ = {isa = PBXBuildFile; fileRef = 3ABFF3C5221BFFFF000108B5 /* LaunchScreen.storyboard */; };
		3ABFF3D2221BFFFF000108B5 /* DemoCBTests.swift in Sources */ = {isa = PBXBuildFile; fileRef = 3ABFF3D1221BFFFF000108B5 /* DemoCBTests.swift */; };
		3ABFF3DD221C04EB000108B5 /* BOTMessageCell.swift in Sources */ = {isa = PBXBuildFile; fileRef = 3ABFF3DC221C04EB000108B5 /* BOTMessageCell.swift */; };
		3ABFF3DF221C04FF000108B5 /* SenderMessageCell.swift in Sources */ = {isa = PBXBuildFile; fileRef = 3ABFF3DE221C04FF000108B5 /* SenderMessageCell.swift */; };
		3ABFF3E1221C063E000108B5 /* Message.swift in Sources */ = {isa = PBXBuildFile; fileRef = 3ABFF3E0221C063E000108B5 /* Message.swift */; };
		3ABFF3E3221C06C9000108B5 /* MessageConstants.swift in Sources */ = {isa = PBXBuildFile; fileRef = 3ABFF3E2221C06C9000108B5 /* MessageConstants.swift */; };
		3ABFF3E5221C0779000108B5 /* BotResponse.swift in Sources */ = {isa = PBXBuildFile; fileRef = 3ABFF3E4221C0779000108B5 /* BotResponse.swift */; };
		3ABFF3E7221C08D1000108B5 /* ChatBotCellLoadExtension.swift in Sources */ = {isa = PBXBuildFile; fileRef = 3ABFF3E6221C08D1000108B5 /* ChatBotCellLoadExtension.swift */; };
		3ABFF3EA221C0FD4000108B5 /* TypingLoaderCell.swift in Sources */ = {isa = PBXBuildFile; fileRef = 3ABFF3E8221C0FD4000108B5 /* TypingLoaderCell.swift */; };
		3ABFF3EB221C0FD4000108B5 /* TypingLoaderCell.xib in Resources */ = {isa = PBXBuildFile; fileRef = 3ABFF3E9221C0FD4000108B5 /* TypingLoaderCell.xib */; };
		3ABFF3ED221C1206000108B5 /* AppConstants.swift in Sources */ = {isa = PBXBuildFile; fileRef = 3ABFF3EC221C1206000108B5 /* AppConstants.swift */; };
		3AE182D8221C14B1002CC28E /* Util.swift in Sources */ = {isa = PBXBuildFile; fileRef = 3AE182D7221C14B1002CC28E /* Util.swift */; };
		3AE182DA221C15C5002CC28E /* ImageExtension.swift in Sources */ = {isa = PBXBuildFile; fileRef = 3AE182D9221C15C5002CC28E /* ImageExtension.swift */; };
		3AE182E1221C18F4002CC28E /* UITextFieldExtension.swift in Sources */ = {isa = PBXBuildFile; fileRef = 3AE182E0221C18F4002CC28E /* UITextFieldExtension.swift */; };
		3AE182E3221C2DFF002CC28E /* LexHelper.swift in Sources */ = {isa = PBXBuildFile; fileRef = 3AE182E2221C2DFF002CC28E /* LexHelper.swift */; };
		3AE182E5221C2ECE002CC28E /* AppDelegateExtension.swift in Sources */ = {isa = PBXBuildFile; fileRef = 3AE182E4221C2ECE002CC28E /* AppDelegateExtension.swift */; };
		3AE182E9221D2306002CC28E /* Bot.swift in Sources */ = {isa = PBXBuildFile; fileRef = 3AE182E8221D2306002CC28E /* Bot.swift */; };
		3AE182EB221D23DE002CC28E /* DictionaryExtension.swift in Sources */ = {isa = PBXBuildFile; fileRef = 3AE182EA221D23DE002CC28E /* DictionaryExtension.swift */; };
		3AE182ED221D247C002CC28E /* CustomError.swift in Sources */ = {isa = PBXBuildFile; fileRef = 3AE182EC221D247C002CC28E /* CustomError.swift */; };
		3AE182EF221D24C8002CC28E /* AlertController.swift in Sources */ = {isa = PBXBuildFile; fileRef = 3AE182EE221D24C8002CC28E /* AlertController.swift */; };
		3AE182F6221D26AA002CC28E /* Reachability.swift in Sources */ = {isa = PBXBuildFile; fileRef = 3AE182F5221D26A9002CC28E /* Reachability.swift */; };
		3AE182F8221D2930002CC28E /* ChatBotResponseHandler.swift in Sources */ = {isa = PBXBuildFile; fileRef = 3AE182F7221D2930002CC28E /* ChatBotResponseHandler.swift */; };
		3AE182FA221D2A27002CC28E /* UITableViewExtension.swift in Sources */ = {isa = PBXBuildFile; fileRef = 3AE182F9221D2A27002CC28E /* UITableViewExtension.swift */; };
		3AE182FC221D3044002CC28E /* UIViewExtension.swift in Sources */ = {isa = PBXBuildFile; fileRef = 3AE182FB221D3044002CC28E /* UIViewExtension.swift */; };
		3AE182FE221D37CC002CC28E /* ServiceHelper.swift in Sources */ = {isa = PBXBuildFile; fileRef = 3AE182FD221D37CC002CC28E /* ServiceHelper.swift */; };
		3AE18300221D37E6002CC28E /* ServiceManager.swift in Sources */ = {isa = PBXBuildFile; fileRef = 3AE182FF221D37E6002CC28E /* ServiceManager.swift */; };
		3AE18302221D381D002CC28E /* Helper.swift in Sources */ = {isa = PBXBuildFile; fileRef = 3AE18301221D381D002CC28E /* Helper.swift */; };
		3AE18304221D384D002CC28E /* ErrorModel.swift in Sources */ = {isa = PBXBuildFile; fileRef = 3AE18303221D384D002CC28E /* ErrorModel.swift */; };
		3AE18306221D386C002CC28E /* ChatModel.swift in Sources */ = {isa = PBXBuildFile; fileRef = 3AE18305221D386C002CC28E /* ChatModel.swift */; };
		3AE18308221D3920002CC28E /* Parser.swift in Sources */ = {isa = PBXBuildFile; fileRef = 3AE18307221D3920002CC28E /* Parser.swift */; };
		3AE1830A221D5786002CC28E /* typing_loader.gif in Resources */ = {isa = PBXBuildFile; fileRef = 3AE18309221D5786002CC28E /* typing_loader.gif */; };
		3AE1830D2223FD27002CC28E /* ViewController.swift in Sources */ = {isa = PBXBuildFile; fileRef = 3AE1830C2223FD27002CC28E /* ViewController.swift */; };
		3AE1830F2226759E002CC28E /* MenuViewController.swift in Sources */ = {isa = PBXBuildFile; fileRef = 3AE1830E2226759E002CC28E /* MenuViewController.swift */; };
		3AE183112226AD1F002CC28E /* ThirdChatVC.swift in Sources */ = {isa = PBXBuildFile; fileRef = 3AE183102226AD1F002CC28E /* ThirdChatVC.swift */; };
		3AE183132227C42F002CC28E /* FourthChatVC.swift in Sources */ = {isa = PBXBuildFile; fileRef = 3AE183122227C42F002CC28E /* FourthChatVC.swift */; };
		3AE1831622290B07002CC28E /* DemoCB.xcdatamodeld in Sources */ = {isa = PBXBuildFile; fileRef = 3AE1831422290B07002CC28E /* DemoCB.xcdatamodeld */; };
		3AE1831822291224002CC28E /* CoreDataInput.swift in Sources */ = {isa = PBXBuildFile; fileRef = 3AE1831722291224002CC28E /* CoreDataInput.swift */; };
		3AE1834B222CFB7E002CC28E /* StringExtension.swift in Sources */ = {isa = PBXBuildFile; fileRef = 3AE1834A222CFB7E002CC28E /* StringExtension.swift */; };
		C3F568E1C8D47514BD4C89EE /* Pods_DemoCBTests.framework in Frameworks */ = {isa = PBXBuildFile; fileRef = F8EC722B6C15110CD0C1C879 /* Pods_DemoCBTests.framework */; };
/* End PBXBuildFile section */

/* Begin PBXContainerItemProxy section */
		3ABFF3CE221BFFFF000108B5 /* PBXContainerItemProxy */ = {
			isa = PBXContainerItemProxy;
			containerPortal = 3ABFF3AF221BFFF9000108B5 /* Project object */;
			proxyType = 1;
			remoteGlobalIDString = 3ABFF3B6221BFFFA000108B5;
			remoteInfo = DemoCB;
		};
/* End PBXContainerItemProxy section */

/* Begin PBXFileReference section */
		3ABFF3B7221BFFFA000108B5 /* DemoCB.app */ = {isa = PBXFileReference; explicitFileType = wrapper.application; includeInIndex = 0; path = DemoCB.app; sourceTree = BUILT_PRODUCTS_DIR; };
		3ABFF3BA221BFFFA000108B5 /* AppDelegate.swift */ = {isa = PBXFileReference; lastKnownFileType = sourcecode.swift; path = AppDelegate.swift; sourceTree = "<group>"; };
		3ABFF3BC221BFFFA000108B5 /* ChatBotVC.swift */ = {isa = PBXFileReference; lastKnownFileType = sourcecode.swift; path = ChatBotVC.swift; sourceTree = "<group>"; };
		3ABFF3BE221BFFFA000108B5 /* SecondChatVC.swift */ = {isa = PBXFileReference; lastKnownFileType = sourcecode.swift; path = SecondChatVC.swift; sourceTree = "<group>"; };
		3ABFF3C1221BFFFA000108B5 /* Base */ = {isa = PBXFileReference; lastKnownFileType = file.storyboard; name = Base; path = Base.lproj/Main.storyboard; sourceTree = "<group>"; };
		3ABFF3C3221BFFFF000108B5 /* Assets.xcassets */ = {isa = PBXFileReference; lastKnownFileType = folder.assetcatalog; path = Assets.xcassets; sourceTree = "<group>"; };
		3ABFF3C6221BFFFF000108B5 /* Base */ = {isa = PBXFileReference; lastKnownFileType = file.storyboard; name = Base; path = Base.lproj/LaunchScreen.storyboard; sourceTree = "<group>"; };
		3ABFF3C8221BFFFF000108B5 /* Info.plist */ = {isa = PBXFileReference; lastKnownFileType = text.plist.xml; path = Info.plist; sourceTree = "<group>"; };
		3ABFF3CD221BFFFF000108B5 /* DemoCBTests.xctest */ = {isa = PBXFileReference; explicitFileType = wrapper.cfbundle; includeInIndex = 0; path = DemoCBTests.xctest; sourceTree = BUILT_PRODUCTS_DIR; };
		3ABFF3D1221BFFFF000108B5 /* DemoCBTests.swift */ = {isa = PBXFileReference; lastKnownFileType = sourcecode.swift; path = DemoCBTests.swift; sourceTree = "<group>"; };
		3ABFF3D3221BFFFF000108B5 /* Info.plist */ = {isa = PBXFileReference; lastKnownFileType = text.plist.xml; path = Info.plist; sourceTree = "<group>"; };
		3ABFF3DC221C04EB000108B5 /* BOTMessageCell.swift */ = {isa = PBXFileReference; lastKnownFileType = sourcecode.swift; path = BOTMessageCell.swift; sourceTree = "<group>"; };
		3ABFF3DE221C04FF000108B5 /* SenderMessageCell.swift */ = {isa = PBXFileReference; lastKnownFileType = sourcecode.swift; path = SenderMessageCell.swift; sourceTree = "<group>"; };
		3ABFF3E0221C063E000108B5 /* Message.swift */ = {isa = PBXFileReference; lastKnownFileType = sourcecode.swift; path = Message.swift; sourceTree = "<group>"; };
		3ABFF3E2221C06C9000108B5 /* MessageConstants.swift */ = {isa = PBXFileReference; lastKnownFileType = sourcecode.swift; path = MessageConstants.swift; sourceTree = "<group>"; };
		3ABFF3E4221C0779000108B5 /* BotResponse.swift */ = {isa = PBXFileReference; lastKnownFileType = sourcecode.swift; path = BotResponse.swift; sourceTree = "<group>"; };
		3ABFF3E6221C08D1000108B5 /* ChatBotCellLoadExtension.swift */ = {isa = PBXFileReference; lastKnownFileType = sourcecode.swift; path = ChatBotCellLoadExtension.swift; sourceTree = "<group>"; };
		3ABFF3E8221C0FD4000108B5 /* TypingLoaderCell.swift */ = {isa = PBXFileReference; lastKnownFileType = sourcecode.swift; path = TypingLoaderCell.swift; sourceTree = "<group>"; };
		3ABFF3E9221C0FD4000108B5 /* TypingLoaderCell.xib */ = {isa = PBXFileReference; lastKnownFileType = file.xib; path = TypingLoaderCell.xib; sourceTree = "<group>"; };
		3ABFF3EC221C1206000108B5 /* AppConstants.swift */ = {isa = PBXFileReference; lastKnownFileType = sourcecode.swift; path = AppConstants.swift; sourceTree = "<group>"; };
		3AE182D7221C14B1002CC28E /* Util.swift */ = {isa = PBXFileReference; lastKnownFileType = sourcecode.swift; path = Util.swift; sourceTree = "<group>"; };
		3AE182D9221C15C5002CC28E /* ImageExtension.swift */ = {isa = PBXFileReference; lastKnownFileType = sourcecode.swift; path = ImageExtension.swift; sourceTree = "<group>"; };
		3AE182E0221C18F4002CC28E /* UITextFieldExtension.swift */ = {isa = PBXFileReference; lastKnownFileType = sourcecode.swift; path = UITextFieldExtension.swift; sourceTree = "<group>"; };
		3AE182E2221C2DFF002CC28E /* LexHelper.swift */ = {isa = PBXFileReference; lastKnownFileType = sourcecode.swift; path = LexHelper.swift; sourceTree = "<group>"; };
		3AE182E4221C2ECE002CC28E /* AppDelegateExtension.swift */ = {isa = PBXFileReference; lastKnownFileType = sourcecode.swift; path = AppDelegateExtension.swift; sourceTree = "<group>"; };
		3AE182E8221D2306002CC28E /* Bot.swift */ = {isa = PBXFileReference; lastKnownFileType = sourcecode.swift; path = Bot.swift; sourceTree = "<group>"; };
		3AE182EA221D23DE002CC28E /* DictionaryExtension.swift */ = {isa = PBXFileReference; lastKnownFileType = sourcecode.swift; path = DictionaryExtension.swift; sourceTree = "<group>"; };
		3AE182EC221D247C002CC28E /* CustomError.swift */ = {isa = PBXFileReference; lastKnownFileType = sourcecode.swift; path = CustomError.swift; sourceTree = "<group>"; };
		3AE182EE221D24C8002CC28E /* AlertController.swift */ = {isa = PBXFileReference; lastKnownFileType = sourcecode.swift; path = AlertController.swift; sourceTree = "<group>"; };
		3AE182F5221D26A9002CC28E /* Reachability.swift */ = {isa = PBXFileReference; fileEncoding = 4; lastKnownFileType = sourcecode.swift; path = Reachability.swift; sourceTree = "<group>"; };
		3AE182F7221D2930002CC28E /* ChatBotResponseHandler.swift */ = {isa = PBXFileReference; lastKnownFileType = sourcecode.swift; path = ChatBotResponseHandler.swift; sourceTree = "<group>"; };
		3AE182F9221D2A27002CC28E /* UITableViewExtension.swift */ = {isa = PBXFileReference; lastKnownFileType = sourcecode.swift; path = UITableViewExtension.swift; sourceTree = "<group>"; };
		3AE182FB221D3044002CC28E /* UIViewExtension.swift */ = {isa = PBXFileReference; lastKnownFileType = sourcecode.swift; path = UIViewExtension.swift; sourceTree = "<group>"; };
		3AE182FD221D37CC002CC28E /* ServiceHelper.swift */ = {isa = PBXFileReference; lastKnownFileType = sourcecode.swift; path = ServiceHelper.swift; sourceTree = "<group>"; };
		3AE182FF221D37E6002CC28E /* ServiceManager.swift */ = {isa = PBXFileReference; lastKnownFileType = sourcecode.swift; path = ServiceManager.swift; sourceTree = "<group>"; };
		3AE18301221D381D002CC28E /* Helper.swift */ = {isa = PBXFileReference; lastKnownFileType = sourcecode.swift; path = Helper.swift; sourceTree = "<group>"; };
		3AE18303221D384D002CC28E /* ErrorModel.swift */ = {isa = PBXFileReference; lastKnownFileType = sourcecode.swift; path = ErrorModel.swift; sourceTree = "<group>"; };
		3AE18305221D386C002CC28E /* ChatModel.swift */ = {isa = PBXFileReference; lastKnownFileType = sourcecode.swift; path = ChatModel.swift; sourceTree = "<group>"; };
		3AE18307221D3920002CC28E /* Parser.swift */ = {isa = PBXFileReference; lastKnownFileType = sourcecode.swift; path = Parser.swift; sourceTree = "<group>"; };
		3AE18309221D5786002CC28E /* typing_loader.gif */ = {isa = PBXFileReference; lastKnownFileType = image.gif; path = typing_loader.gif; sourceTree = "<group>"; };
		3AE1830C2223FD27002CC28E /* ViewController.swift */ = {isa = PBXFileReference; lastKnownFileType = sourcecode.swift; path = ViewController.swift; sourceTree = "<group>"; };
		3AE1830E2226759E002CC28E /* MenuViewController.swift */ = {isa = PBXFileReference; lastKnownFileType = sourcecode.swift; path = MenuViewController.swift; sourceTree = "<group>"; };
		3AE183102226AD1F002CC28E /* ThirdChatVC.swift */ = {isa = PBXFileReference; lastKnownFileType = sourcecode.swift; path = ThirdChatVC.swift; sourceTree = "<group>"; };
		3AE183122227C42F002CC28E /* FourthChatVC.swift */ = {isa = PBXFileReference; lastKnownFileType = sourcecode.swift; path = FourthChatVC.swift; sourceTree = "<group>"; };
		3AE1831522290B07002CC28E /* DemoCB.xcdatamodel */ = {isa = PBXFileReference; lastKnownFileType = wrapper.xcdatamodel; path = DemoCB.xcdatamodel; sourceTree = "<group>"; };
		3AE1831722291224002CC28E /* CoreDataInput.swift */ = {isa = PBXFileReference; lastKnownFileType = sourcecode.swift; path = CoreDataInput.swift; sourceTree = "<group>"; };
		3AE1834A222CFB7E002CC28E /* StringExtension.swift */ = {isa = PBXFileReference; lastKnownFileType = sourcecode.swift; path = StringExtension.swift; sourceTree = "<group>"; };
		8A7D8A471C17A220CB4376CA /* Pods-DemoCBTests.debug.xcconfig */ = {isa = PBXFileReference; includeInIndex = 1; lastKnownFileType = text.xcconfig; name = "Pods-DemoCBTests.debug.xcconfig"; path = "Target Support Files/Pods-DemoCBTests/Pods-DemoCBTests.debug.xcconfig"; sourceTree = "<group>"; };
		ACEA020FD78422F61C7149B8 /* Pods-DemoCBTests.release.xcconfig */ = {isa = PBXFileReference; includeInIndex = 1; lastKnownFileType = text.xcconfig; name = "Pods-DemoCBTests.release.xcconfig"; path = "Target Support Files/Pods-DemoCBTests/Pods-DemoCBTests.release.xcconfig"; sourceTree = "<group>"; };
		CD6124479EC87F02E9E967A1 /* Pods-DemoCB.release.xcconfig */ = {isa = PBXFileReference; includeInIndex = 1; lastKnownFileType = text.xcconfig; name = "Pods-DemoCB.release.xcconfig"; path = "Target Support Files/Pods-DemoCB/Pods-DemoCB.release.xcconfig"; sourceTree = "<group>"; };
		D02689FADB1226FB81ACA18C /* Pods_DemoCB.framework */ = {isa = PBXFileReference; explicitFileType = wrapper.framework; includeInIndex = 0; path = Pods_DemoCB.framework; sourceTree = BUILT_PRODUCTS_DIR; };
		D7C7A690DC0921F2316A2764 /* Pods-DemoCB.debug.xcconfig */ = {isa = PBXFileReference; includeInIndex = 1; lastKnownFileType = text.xcconfig; name = "Pods-DemoCB.debug.xcconfig"; path = "Target Support Files/Pods-DemoCB/Pods-DemoCB.debug.xcconfig"; sourceTree = "<group>"; };
		F8EC722B6C15110CD0C1C879 /* Pods_DemoCBTests.framework */ = {isa = PBXFileReference; explicitFileType = wrapper.framework; includeInIndex = 0; path = Pods_DemoCBTests.framework; sourceTree = BUILT_PRODUCTS_DIR; };
/* End PBXFileReference section */

/* Begin PBXFrameworksBuildPhase section */
		3ABFF3B4221BFFFA000108B5 /* Frameworks */ = {
			isa = PBXFrameworksBuildPhase;
			buildActionMask = 2147483647;
			files = (
				011D293E4F671CF538610D74 /* Pods_DemoCB.framework in Frameworks */,
			);
			runOnlyForDeploymentPostprocessing = 0;
		};
		3ABFF3CA221BFFFF000108B5 /* Frameworks */ = {
			isa = PBXFrameworksBuildPhase;
			buildActionMask = 2147483647;
			files = (
				C3F568E1C8D47514BD4C89EE /* Pods_DemoCBTests.framework in Frameworks */,
			);
			runOnlyForDeploymentPostprocessing = 0;
		};
/* End PBXFrameworksBuildPhase section */

/* Begin PBXGroup section */
		2354728349FF6C8F40CE7CB2 /* Pods */ = {
			isa = PBXGroup;
			children = (
				D7C7A690DC0921F2316A2764 /* Pods-DemoCB.debug.xcconfig */,
				CD6124479EC87F02E9E967A1 /* Pods-DemoCB.release.xcconfig */,
				8A7D8A471C17A220CB4376CA /* Pods-DemoCBTests.debug.xcconfig */,
				ACEA020FD78422F61C7149B8 /* Pods-DemoCBTests.release.xcconfig */,
			);
			path = Pods;
			sourceTree = "<group>";
		};
		3ABFF3AE221BFFF9000108B5 = {
			isa = PBXGroup;
			children = (
				3ABFF3B9221BFFFA000108B5 /* DemoCB */,
				3ABFF3D0221BFFFF000108B5 /* DemoCBTests */,
				3ABFF3B8221BFFFA000108B5 /* Products */,
				2354728349FF6C8F40CE7CB2 /* Pods */,
				A755F2FA1FC9906815D0CD77 /* Frameworks */,
			);
			sourceTree = "<group>";
		};
		3ABFF3B8221BFFFA000108B5 /* Products */ = {
			isa = PBXGroup;
			children = (
				3ABFF3B7221BFFFA000108B5 /* DemoCB.app */,
				3ABFF3CD221BFFFF000108B5 /* DemoCBTests.xctest */,
			);
			name = Products;
			sourceTree = "<group>";
		};
		3ABFF3B9221BFFFA000108B5 /* DemoCB */ = {
			isa = PBXGroup;
			children = (
				3AE1831422290B07002CC28E /* DemoCB.xcdatamodeld */,
				3ABFF3BA221BFFFA000108B5 /* AppDelegate.swift */,
				3AE1830B221D5C50002CC28E /* Network Module */,
				3AE182F4221D2675002CC28E /* Utils */,
				3AE182DD221C1613002CC28E /* View Controllers */,
				3AE182DB221C15EA002CC28E /* Extensions */,
				3AE182DC221C1601002CC28E /* Table View Cells */,
				3AE182DF221C1637002CC28E /* Models */,
				3AE182DE221C162D002CC28E /* Constants */,
				3ABFF3C0221BFFFA000108B5 /* Main.storyboard */,
				3AE1830C2223FD27002CC28E /* ViewController.swift */,
				3ABFF3C3221BFFFF000108B5 /* Assets.xcassets */,
				3ABFF3C5221BFFFF000108B5 /* LaunchScreen.storyboard */,
				3ABFF3C8221BFFFF000108B5 /* Info.plist */,
				3AE18309221D5786002CC28E /* typing_loader.gif */,
			);
			path = DemoCB;
			sourceTree = "<group>";
		};
		3ABFF3D0221BFFFF000108B5 /* DemoCBTests */ = {
			isa = PBXGroup;
			children = (
				3ABFF3D1221BFFFF000108B5 /* DemoCBTests.swift */,
				3ABFF3D3221BFFFF000108B5 /* Info.plist */,
			);
			path = DemoCBTests;
			sourceTree = "<group>";
		};
		3AE182DB221C15EA002CC28E /* Extensions */ = {
			isa = PBXGroup;
			children = (
				3ABFF3E6221C08D1000108B5 /* ChatBotCellLoadExtension.swift */,
				3AE182F7221D2930002CC28E /* ChatBotResponseHandler.swift */,
				3AE182D9221C15C5002CC28E /* ImageExtension.swift */,
				3AE182E0221C18F4002CC28E /* UITextFieldExtension.swift */,
				3AE182E4221C2ECE002CC28E /* AppDelegateExtension.swift */,
				3AE182EA221D23DE002CC28E /* DictionaryExtension.swift */,
				3AE182F9221D2A27002CC28E /* UITableViewExtension.swift */,
				3AE182FB221D3044002CC28E /* UIViewExtension.swift */,
				3AE1834A222CFB7E002CC28E /* StringExtension.swift */,
			);
			path = Extensions;
			sourceTree = "<group>";
		};
		3AE182DC221C1601002CC28E /* Table View Cells */ = {
			isa = PBXGroup;
			children = (
				3ABFF3DC221C04EB000108B5 /* BOTMessageCell.swift */,
				3ABFF3DE221C04FF000108B5 /* SenderMessageCell.swift */,
				3ABFF3E8221C0FD4000108B5 /* TypingLoaderCell.swift */,
				3ABFF3E9221C0FD4000108B5 /* TypingLoaderCell.xib */,
			);
			path = "Table View Cells";
			sourceTree = "<group>";
		};
		3AE182DD221C1613002CC28E /* View Controllers */ = {
			isa = PBXGroup;
			children = (
				3ABFF3BC221BFFFA000108B5 /* ChatBotVC.swift */,
				3ABFF3BE221BFFFA000108B5 /* SecondChatVC.swift */,
				3AE183102226AD1F002CC28E /* ThirdChatVC.swift */,
				3AE183122227C42F002CC28E /* FourthChatVC.swift */,
				3AE1830E2226759E002CC28E /* MenuViewController.swift */,
			);
			path = "View Controllers";
			sourceTree = "<group>";
		};
		3AE182DE221C162D002CC28E /* Constants */ = {
			isa = PBXGroup;
			children = (
				3ABFF3E2221C06C9000108B5 /* MessageConstants.swift */,
				3ABFF3EC221C1206000108B5 /* AppConstants.swift */,
			);
			path = Constants;
			sourceTree = "<group>";
		};
		3AE182DF221C1637002CC28E /* Models */ = {
			isa = PBXGroup;
			children = (
				3AE18303221D384D002CC28E /* ErrorModel.swift */,
				3AE18305221D386C002CC28E /* ChatModel.swift */,
				3ABFF3E0221C063E000108B5 /* Message.swift */,
				3ABFF3E4221C0779000108B5 /* BotResponse.swift */,
				3AE182E8221D2306002CC28E /* Bot.swift */,
			);
			path = Models;
			sourceTree = "<group>";
		};
		3AE182F4221D2675002CC28E /* Utils */ = {
			isa = PBXGroup;
			children = (
				3AE18301221D381D002CC28E /* Helper.swift */,
				3AE182D7221C14B1002CC28E /* Util.swift */,
				3AE182E2221C2DFF002CC28E /* LexHelper.swift */,
				3AE182EC221D247C002CC28E /* CustomError.swift */,
				3AE182EE221D24C8002CC28E /* AlertController.swift */,
				3AE182F5221D26A9002CC28E /* Reachability.swift */,
				3AE1831722291224002CC28E /* CoreDataInput.swift */,
			);
			path = Utils;
			sourceTree = "<group>";
		};
		3AE1830B221D5C50002CC28E /* Network Module */ = {
			isa = PBXGroup;
			children = (
				3AE182FD221D37CC002CC28E /* ServiceHelper.swift */,
				3AE182FF221D37E6002CC28E /* ServiceManager.swift */,
				3AE18307221D3920002CC28E /* Parser.swift */,
			);
			path = "Network Module";
			sourceTree = "<group>";
		};
		A755F2FA1FC9906815D0CD77 /* Frameworks */ = {
			isa = PBXGroup;
			children = (
				D02689FADB1226FB81ACA18C /* Pods_DemoCB.framework */,
				F8EC722B6C15110CD0C1C879 /* Pods_DemoCBTests.framework */,
			);
			name = Frameworks;
			sourceTree = "<group>";
		};
/* End PBXGroup section */

/* Begin PBXNativeTarget section */
		3ABFF3B6221BFFFA000108B5 /* DemoCB */ = {
			isa = PBXNativeTarget;
			buildConfigurationList = 3ABFF3D6221BFFFF000108B5 /* Build configuration list for PBXNativeTarget "DemoCB" */;
			buildPhases = (
				0AF5330BE44D843F3C0B28B2 /* [CP] Check Pods Manifest.lock */,
				3ABFF3B3221BFFFA000108B5 /* Sources */,
				3ABFF3B4221BFFFA000108B5 /* Frameworks */,
				3ABFF3B5221BFFFA000108B5 /* Resources */,
				F6E15C32EBE37E2F79A66FC1 /* [CP] Embed Pods Frameworks */,
			);
			buildRules = (
			);
			dependencies = (
			);
			name = DemoCB;
			productName = DemoCB;
			productReference = 3ABFF3B7221BFFFA000108B5 /* DemoCB.app */;
			productType = "com.apple.product-type.application";
		};
		3ABFF3CC221BFFFF000108B5 /* DemoCBTests */ = {
			isa = PBXNativeTarget;
			buildConfigurationList = 3ABFF3D9221BFFFF000108B5 /* Build configuration list for PBXNativeTarget "DemoCBTests" */;
			buildPhases = (
				05E2F4E30F107FDB3E53472A /* [CP] Check Pods Manifest.lock */,
				3ABFF3C9221BFFFF000108B5 /* Sources */,
				3ABFF3CA221BFFFF000108B5 /* Frameworks */,
				3ABFF3CB221BFFFF000108B5 /* Resources */,
			);
			buildRules = (
			);
			dependencies = (
				3ABFF3CF221BFFFF000108B5 /* PBXTargetDependency */,
			);
			name = DemoCBTests;
			productName = DemoCBTests;
			productReference = 3ABFF3CD221BFFFF000108B5 /* DemoCBTests.xctest */;
			productType = "com.apple.product-type.bundle.unit-test";
		};
/* End PBXNativeTarget section */

/* Begin PBXProject section */
		3ABFF3AF221BFFF9000108B5 /* Project object */ = {
			isa = PBXProject;
			attributes = {
				LastSwiftUpdateCheck = 1010;
				LastUpgradeCheck = 1010;
				ORGANIZATIONNAME = himanshu.ahuja;
				TargetAttributes = {
					3ABFF3B6221BFFFA000108B5 = {
						CreatedOnToolsVersion = 10.1;
					};
					3ABFF3CC221BFFFF000108B5 = {
						CreatedOnToolsVersion = 10.1;
						TestTargetID = 3ABFF3B6221BFFFA000108B5;
					};
				};
			};
			buildConfigurationList = 3ABFF3B2221BFFF9000108B5 /* Build configuration list for PBXProject "DemoCB" */;
			compatibilityVersion = "Xcode 9.3";
			developmentRegion = en;
			hasScannedForEncodings = 0;
			knownRegions = (
				en,
				Base,
			);
			mainGroup = 3ABFF3AE221BFFF9000108B5;
			productRefGroup = 3ABFF3B8221BFFFA000108B5 /* Products */;
			projectDirPath = "";
			projectRoot = "";
			targets = (
				3ABFF3B6221BFFFA000108B5 /* DemoCB */,
				3ABFF3CC221BFFFF000108B5 /* DemoCBTests */,
			);
		};
/* End PBXProject section */

/* Begin PBXResourcesBuildPhase section */
		3ABFF3B5221BFFFA000108B5 /* Resources */ = {
			isa = PBXResourcesBuildPhase;
			buildActionMask = 2147483647;
			files = (
				3ABFF3C7221BFFFF000108B5 /* LaunchScreen.storyboard in Resources */,
				3ABFF3C4221BFFFF000108B5 /* Assets.xcassets in Resources */,
				3ABFF3C2221BFFFA000108B5 /* Main.storyboard in Resources */,
				3AE1830A221D5786002CC28E /* typing_loader.gif in Resources */,
				3ABFF3EB221C0FD4000108B5 /* TypingLoaderCell.xib in Resources */,
			);
			runOnlyForDeploymentPostprocessing = 0;
		};
		3ABFF3CB221BFFFF000108B5 /* Resources */ = {
			isa = PBXResourcesBuildPhase;
			buildActionMask = 2147483647;
			files = (
			);
			runOnlyForDeploymentPostprocessing = 0;
		};
/* End PBXResourcesBuildPhase section */

/* Begin PBXShellScriptBuildPhase section */
		05E2F4E30F107FDB3E53472A /* [CP] Check Pods Manifest.lock */ = {
			isa = PBXShellScriptBuildPhase;
			buildActionMask = 2147483647;
			files = (
			);
			inputFileListPaths = (
			);
			inputPaths = (
				"${PODS_PODFILE_DIR_PATH}/Podfile.lock",
				"${PODS_ROOT}/Manifest.lock",
			);
			name = "[CP] Check Pods Manifest.lock";
			outputFileListPaths = (
			);
			outputPaths = (
				"$(DERIVED_FILE_DIR)/Pods-DemoCBTests-checkManifestLockResult.txt",
			);
			runOnlyForDeploymentPostprocessing = 0;
			shellPath = /bin/sh;
			shellScript = "diff \"${PODS_PODFILE_DIR_PATH}/Podfile.lock\" \"${PODS_ROOT}/Manifest.lock\" > /dev/null\nif [ $? != 0 ] ; then\n    # print error to STDERR\n    echo \"error: The sandbox is not in sync with the Podfile.lock. Run 'pod install' or update your CocoaPods installation.\" >&2\n    exit 1\nfi\n# This output is used by Xcode 'outputs' to avoid re-running this script phase.\necho \"SUCCESS\" > \"${SCRIPT_OUTPUT_FILE_0}\"\n";
			showEnvVarsInLog = 0;
		};
		0AF5330BE44D843F3C0B28B2 /* [CP] Check Pods Manifest.lock */ = {
			isa = PBXShellScriptBuildPhase;
			buildActionMask = 2147483647;
			files = (
			);
			inputFileListPaths = (
			);
			inputPaths = (
				"${PODS_PODFILE_DIR_PATH}/Podfile.lock",
				"${PODS_ROOT}/Manifest.lock",
			);
			name = "[CP] Check Pods Manifest.lock";
			outputFileListPaths = (
			);
			outputPaths = (
				"$(DERIVED_FILE_DIR)/Pods-DemoCB-checkManifestLockResult.txt",
			);
			runOnlyForDeploymentPostprocessing = 0;
			shellPath = /bin/sh;
			shellScript = "diff \"${PODS_PODFILE_DIR_PATH}/Podfile.lock\" \"${PODS_ROOT}/Manifest.lock\" > /dev/null\nif [ $? != 0 ] ; then\n    # print error to STDERR\n    echo \"error: The sandbox is not in sync with the Podfile.lock. Run 'pod install' or update your CocoaPods installation.\" >&2\n    exit 1\nfi\n# This output is used by Xcode 'outputs' to avoid re-running this script phase.\necho \"SUCCESS\" > \"${SCRIPT_OUTPUT_FILE_0}\"\n";
			showEnvVarsInLog = 0;
		};
		F6E15C32EBE37E2F79A66FC1 /* [CP] Embed Pods Frameworks */ = {
			isa = PBXShellScriptBuildPhase;
			buildActionMask = 2147483647;
			files = (
			);
			inputFileListPaths = (
			);
			inputPaths = (
				"${PODS_ROOT}/Target Support Files/Pods-DemoCB/Pods-DemoCB-frameworks.sh",
				"${BUILT_PRODUCTS_DIR}/SideMenuSwift/SideMenuSwift.framework",
			);
			name = "[CP] Embed Pods Frameworks";
			outputFileListPaths = (
			);
			outputPaths = (
				"${TARGET_BUILD_DIR}/${FRAMEWORKS_FOLDER_PATH}/SideMenuSwift.framework",
			);
			runOnlyForDeploymentPostprocessing = 0;
			shellPath = /bin/sh;
			shellScript = "\"${PODS_ROOT}/Target Support Files/Pods-DemoCB/Pods-DemoCB-frameworks.sh\"\n";
			showEnvVarsInLog = 0;
		};
/* End PBXShellScriptBuildPhase section */

/* Begin PBXSourcesBuildPhase section */
		3ABFF3B3221BFFFA000108B5 /* Sources */ = {
			isa = PBXSourcesBuildPhase;
			buildActionMask = 2147483647;
			files = (
				3AE182E3221C2DFF002CC28E /* LexHelper.swift in Sources */,
				3ABFF3E5221C0779000108B5 /* BotResponse.swift in Sources */,
				3AE18308221D3920002CC28E /* Parser.swift in Sources */,
				3AE1834B222CFB7E002CC28E /* StringExtension.swift in Sources */,
				3ABFF3EA221C0FD4000108B5 /* TypingLoaderCell.swift in Sources */,
				3AE182FA221D2A27002CC28E /* UITableViewExtension.swift in Sources */,
				3ABFF3BF221BFFFA000108B5 /* SecondChatVC.swift in Sources */,
				3AE18302221D381D002CC28E /* Helper.swift in Sources */,
				3AE1830F2226759E002CC28E /* MenuViewController.swift in Sources */,
				3ABFF3ED221C1206000108B5 /* AppConstants.swift in Sources */,
				3AE182FC221D3044002CC28E /* UIViewExtension.swift in Sources */,
				3AE1830D2223FD27002CC28E /* ViewController.swift in Sources */,
				3ABFF3E7221C08D1000108B5 /* ChatBotCellLoadExtension.swift in Sources */,
				3ABFF3DD221C04EB000108B5 /* BOTMessageCell.swift in Sources */,
				3AE1831822291224002CC28E /* CoreDataInput.swift in Sources */,
				3AE182ED221D247C002CC28E /* CustomError.swift in Sources */,
				3AE182E9221D2306002CC28E /* Bot.swift in Sources */,
				3ABFF3BB221BFFFA000108B5 /* AppDelegate.swift in Sources */,
				3AE183132227C42F002CC28E /* FourthChatVC.swift in Sources */,
				3AE182EB221D23DE002CC28E /* DictionaryExtension.swift in Sources */,
				3AE18304221D384D002CC28E /* ErrorModel.swift in Sources */,
				3AE182D8221C14B1002CC28E /* Util.swift in Sources */,
				3AE183112226AD1F002CC28E /* ThirdChatVC.swift in Sources */,
				3ABFF3E1221C063E000108B5 /* Message.swift in Sources */,
				3AE182FE221D37CC002CC28E /* ServiceHelper.swift in Sources */,
				3AE182E1221C18F4002CC28E /* UITextFieldExtension.swift in Sources */,
				3AE18300221D37E6002CC28E /* ServiceManager.swift in Sources */,
				3ABFF3DF221C04FF000108B5 /* SenderMessageCell.swift in Sources */,
				3AE18306221D386C002CC28E /* ChatModel.swift in Sources */,
				3ABFF3BD221BFFFA000108B5 /* ChatBotVC.swift in Sources */,
				3AE182EF221D24C8002CC28E /* AlertController.swift in Sources */,
				3AE182F6221D26AA002CC28E /* Reachability.swift in Sources */,
				3AE1831622290B07002CC28E /* DemoCB.xcdatamodeld in Sources */,
				3AE182DA221C15C5002CC28E /* ImageExtension.swift in Sources */,
				3AE182E5221C2ECE002CC28E /* AppDelegateExtension.swift in Sources */,
				3ABFF3E3221C06C9000108B5 /* MessageConstants.swift in Sources */,
				3AE182F8221D2930002CC28E /* ChatBotResponseHandler.swift in Sources */,
			);
			runOnlyForDeploymentPostprocessing = 0;
		};
		3ABFF3C9221BFFFF000108B5 /* Sources */ = {
			isa = PBXSourcesBuildPhase;
			buildActionMask = 2147483647;
			files = (
				3ABFF3D2221BFFFF000108B5 /* DemoCBTests.swift in Sources */,
			);
			runOnlyForDeploymentPostprocessing = 0;
		};
/* End PBXSourcesBuildPhase section */

/* Begin PBXTargetDependency section */
		3ABFF3CF221BFFFF000108B5 /* PBXTargetDependency */ = {
			isa = PBXTargetDependency;
			target = 3ABFF3B6221BFFFA000108B5 /* DemoCB */;
			targetProxy = 3ABFF3CE221BFFFF000108B5 /* PBXContainerItemProxy */;
		};
/* End PBXTargetDependency section */

/* Begin PBXVariantGroup section */
		3ABFF3C0221BFFFA000108B5 /* Main.storyboard */ = {
			isa = PBXVariantGroup;
			children = (
				3ABFF3C1221BFFFA000108B5 /* Base */,
			);
			name = Main.storyboard;
			sourceTree = "<group>";
		};
		3ABFF3C5221BFFFF000108B5 /* LaunchScreen.storyboard */ = {
			isa = PBXVariantGroup;
			children = (
				3ABFF3C6221BFFFF000108B5 /* Base */,
			);
			name = LaunchScreen.storyboard;
			sourceTree = "<group>";
		};
/* End PBXVariantGroup section */

/* Begin XCBuildConfiguration section */
		3ABFF3D4221BFFFF000108B5 /* Debug */ = {
			isa = XCBuildConfiguration;
			buildSettings = {
				ALWAYS_SEARCH_USER_PATHS = NO;
				CLANG_ANALYZER_NONNULL = YES;
				CLANG_ANALYZER_NUMBER_OBJECT_CONVERSION = YES_AGGRESSIVE;
				CLANG_CXX_LANGUAGE_STANDARD = "gnu++14";
				CLANG_CXX_LIBRARY = "libc++";
				CLANG_ENABLE_MODULES = YES;
				CLANG_ENABLE_OBJC_ARC = YES;
				CLANG_ENABLE_OBJC_WEAK = YES;
				CLANG_WARN_BLOCK_CAPTURE_AUTORELEASING = YES;
				CLANG_WARN_BOOL_CONVERSION = YES;
				CLANG_WARN_COMMA = YES;
				CLANG_WARN_CONSTANT_CONVERSION = YES;
				CLANG_WARN_DEPRECATED_OBJC_IMPLEMENTATIONS = YES;
				CLANG_WARN_DIRECT_OBJC_ISA_USAGE = YES_ERROR;
				CLANG_WARN_DOCUMENTATION_COMMENTS = YES;
				CLANG_WARN_EMPTY_BODY = YES;
				CLANG_WARN_ENUM_CONVERSION = YES;
				CLANG_WARN_INFINITE_RECURSION = YES;
				CLANG_WARN_INT_CONVERSION = YES;
				CLANG_WARN_NON_LITERAL_NULL_CONVERSION = YES;
				CLANG_WARN_OBJC_IMPLICIT_RETAIN_SELF = YES;
				CLANG_WARN_OBJC_LITERAL_CONVERSION = YES;
				CLANG_WARN_OBJC_ROOT_CLASS = YES_ERROR;
				CLANG_WARN_RANGE_LOOP_ANALYSIS = YES;
				CLANG_WARN_STRICT_PROTOTYPES = YES;
				CLANG_WARN_SUSPICIOUS_MOVE = YES;
				CLANG_WARN_UNGUARDED_AVAILABILITY = YES_AGGRESSIVE;
				CLANG_WARN_UNREACHABLE_CODE = YES;
				CLANG_WARN__DUPLICATE_METHOD_MATCH = YES;
				CODE_SIGN_IDENTITY = "iPhone Developer";
				COPY_PHASE_STRIP = NO;
				DEBUG_INFORMATION_FORMAT = dwarf;
				ENABLE_STRICT_OBJC_MSGSEND = YES;
				ENABLE_TESTABILITY = YES;
				GCC_C_LANGUAGE_STANDARD = gnu11;
				GCC_DYNAMIC_NO_PIC = NO;
				GCC_NO_COMMON_BLOCKS = YES;
				GCC_OPTIMIZATION_LEVEL = 0;
				GCC_PREPROCESSOR_DEFINITIONS = (
					"DEBUG=1",
					"$(inherited)",
				);
				GCC_WARN_64_TO_32_BIT_CONVERSION = YES;
				GCC_WARN_ABOUT_RETURN_TYPE = YES_ERROR;
				GCC_WARN_UNDECLARED_SELECTOR = YES;
				GCC_WARN_UNINITIALIZED_AUTOS = YES_AGGRESSIVE;
				GCC_WARN_UNUSED_FUNCTION = YES;
				GCC_WARN_UNUSED_VARIABLE = YES;
				IPHONEOS_DEPLOYMENT_TARGET = 12.1;
				MTL_ENABLE_DEBUG_INFO = INCLUDE_SOURCE;
				MTL_FAST_MATH = YES;
				ONLY_ACTIVE_ARCH = YES;
				SDKROOT = iphoneos;
				SWIFT_ACTIVE_COMPILATION_CONDITIONS = DEBUG;
				SWIFT_OPTIMIZATION_LEVEL = "-Onone";
			};
			name = Debug;
		};
		3ABFF3D5221BFFFF000108B5 /* Release */ = {
			isa = XCBuildConfiguration;
			buildSettings = {
				ALWAYS_SEARCH_USER_PATHS = NO;
				CLANG_ANALYZER_NONNULL = YES;
				CLANG_ANALYZER_NUMBER_OBJECT_CONVERSION = YES_AGGRESSIVE;
				CLANG_CXX_LANGUAGE_STANDARD = "gnu++14";
				CLANG_CXX_LIBRARY = "libc++";
				CLANG_ENABLE_MODULES = YES;
				CLANG_ENABLE_OBJC_ARC = YES;
				CLANG_ENABLE_OBJC_WEAK = YES;
				CLANG_WARN_BLOCK_CAPTURE_AUTORELEASING = YES;
				CLANG_WARN_BOOL_CONVERSION = YES;
				CLANG_WARN_COMMA = YES;
				CLANG_WARN_CONSTANT_CONVERSION = YES;
				CLANG_WARN_DEPRECATED_OBJC_IMPLEMENTATIONS = YES;
				CLANG_WARN_DIRECT_OBJC_ISA_USAGE = YES_ERROR;
				CLANG_WARN_DOCUMENTATION_COMMENTS = YES;
				CLANG_WARN_EMPTY_BODY = YES;
				CLANG_WARN_ENUM_CONVERSION = YES;
				CLANG_WARN_INFINITE_RECURSION = YES;
				CLANG_WARN_INT_CONVERSION = YES;
				CLANG_WARN_NON_LITERAL_NULL_CONVERSION = YES;
				CLANG_WARN_OBJC_IMPLICIT_RETAIN_SELF = YES;
				CLANG_WARN_OBJC_LITERAL_CONVERSION = YES;
				CLANG_WARN_OBJC_ROOT_CLASS = YES_ERROR;
				CLANG_WARN_RANGE_LOOP_ANALYSIS = YES;
				CLANG_WARN_STRICT_PROTOTYPES = YES;
				CLANG_WARN_SUSPICIOUS_MOVE = YES;
				CLANG_WARN_UNGUARDED_AVAILABILITY = YES_AGGRESSIVE;
				CLANG_WARN_UNREACHABLE_CODE = YES;
				CLANG_WARN__DUPLICATE_METHOD_MATCH = YES;
				CODE_SIGN_IDENTITY = "iPhone Developer";
				COPY_PHASE_STRIP = NO;
				DEBUG_INFORMATION_FORMAT = "dwarf-with-dsym";
				ENABLE_NS_ASSERTIONS = NO;
				ENABLE_STRICT_OBJC_MSGSEND = YES;
				GCC_C_LANGUAGE_STANDARD = gnu11;
				GCC_NO_COMMON_BLOCKS = YES;
				GCC_WARN_64_TO_32_BIT_CONVERSION = YES;
				GCC_WARN_ABOUT_RETURN_TYPE = YES_ERROR;
				GCC_WARN_UNDECLARED_SELECTOR = YES;
				GCC_WARN_UNINITIALIZED_AUTOS = YES_AGGRESSIVE;
				GCC_WARN_UNUSED_FUNCTION = YES;
				GCC_WARN_UNUSED_VARIABLE = YES;
				IPHONEOS_DEPLOYMENT_TARGET = 12.1;
				MTL_ENABLE_DEBUG_INFO = NO;
				MTL_FAST_MATH = YES;
				SDKROOT = iphoneos;
				SWIFT_COMPILATION_MODE = wholemodule;
				SWIFT_OPTIMIZATION_LEVEL = "-O";
				VALIDATE_PRODUCT = YES;
			};
			name = Release;
		};
		3ABFF3D7221BFFFF000108B5 /* Debug */ = {
			isa = XCBuildConfiguration;
			baseConfigurationReference = D7C7A690DC0921F2316A2764 /* Pods-DemoCB.debug.xcconfig */;
			buildSettings = {
				ASSETCATALOG_COMPILER_APPICON_NAME = AppIcon;
				CODE_SIGN_STYLE = Automatic;
				DEVELOPMENT_TEAM = 47R98B356W;
				INFOPLIST_FILE = DemoCB/Info.plist;
				LD_RUNPATH_SEARCH_PATHS = (
					"$(inherited)",
					"@executable_path/Frameworks",
				);
				PRODUCT_BUNDLE_IDENTIFIER = com.srijan.demoCB;
				PRODUCT_NAME = "$(TARGET_NAME)";
				SWIFT_VERSION = 4.2;
				TARGETED_DEVICE_FAMILY = "1,2";
			};
			name = Debug;
		};
		3ABFF3D8221BFFFF000108B5 /* Release */ = {
			isa = XCBuildConfiguration;
			baseConfigurationReference = CD6124479EC87F02E9E967A1 /* Pods-DemoCB.release.xcconfig */;
			buildSettings = {
				ASSETCATALOG_COMPILER_APPICON_NAME = AppIcon;
				CODE_SIGN_STYLE = Automatic;
				DEVELOPMENT_TEAM = 47R98B356W;
				INFOPLIST_FILE = DemoCB/Info.plist;
				LD_RUNPATH_SEARCH_PATHS = (
					"$(inherited)",
					"@executable_path/Frameworks",
				);
				PRODUCT_BUNDLE_IDENTIFIER = com.srijan.demoCB;
				PRODUCT_NAME = "$(TARGET_NAME)";
				SWIFT_VERSION = 4.2;
				TARGETED_DEVICE_FAMILY = "1,2";
			};
			name = Release;
		};
		3ABFF3DA221BFFFF000108B5 /* Debug */ = {
			isa = XCBuildConfiguration;
			baseConfigurationReference = 8A7D8A471C17A220CB4376CA /* Pods-DemoCBTests.debug.xcconfig */;
			buildSettings = {
				ALWAYS_EMBED_SWIFT_STANDARD_LIBRARIES = YES;
				BUNDLE_LOADER = "$(TEST_HOST)";
				CODE_SIGN_STYLE = Automatic;
				DEVELOPMENT_TEAM = 47R98B356W;
				INFOPLIST_FILE = DemoCBTests/Info.plist;
				LD_RUNPATH_SEARCH_PATHS = (
					"$(inherited)",
					"@executable_path/Frameworks",
					"@loader_path/Frameworks",
				);
				PRODUCT_BUNDLE_IDENTIFIER = com.srijan.DemoCBTests;
				PRODUCT_NAME = "$(TARGET_NAME)";
				SWIFT_VERSION = 4.2;
				TARGETED_DEVICE_FAMILY = "1,2";
				TEST_HOST = "$(BUILT_PRODUCTS_DIR)/DemoCB.app/DemoCB";
			};
			name = Debug;
		};
		3ABFF3DB221BFFFF000108B5 /* Release */ = {
			isa = XCBuildConfiguration;
			baseConfigurationReference = ACEA020FD78422F61C7149B8 /* Pods-DemoCBTests.release.xcconfig */;
			buildSettings = {
				ALWAYS_EMBED_SWIFT_STANDARD_LIBRARIES = YES;
				BUNDLE_LOADER = "$(TEST_HOST)";
				CODE_SIGN_STYLE = Automatic;
				DEVELOPMENT_TEAM = 47R98B356W;
				INFOPLIST_FILE = DemoCBTests/Info.plist;
				LD_RUNPATH_SEARCH_PATHS = (
					"$(inherited)",
					"@executable_path/Frameworks",
					"@loader_path/Frameworks",
				);
				PRODUCT_BUNDLE_IDENTIFIER = com.srijan.DemoCBTests;
				PRODUCT_NAME = "$(TARGET_NAME)";
				SWIFT_VERSION = 4.2;
				TARGETED_DEVICE_FAMILY = "1,2";
				TEST_HOST = "$(BUILT_PRODUCTS_DIR)/DemoCB.app/DemoCB";
			};
			name = Release;
		};
/* End XCBuildConfiguration section */

/* Begin XCConfigurationList section */
		3ABFF3B2221BFFF9000108B5 /* Build configuration list for PBXProject "DemoCB" */ = {
			isa = XCConfigurationList;
			buildConfigurations = (
				3ABFF3D4221BFFFF000108B5 /* Debug */,
				3ABFF3D5221BFFFF000108B5 /* Release */,
			);
			defaultConfigurationIsVisible = 0;
			defaultConfigurationName = Release;
		};
		3ABFF3D6221BFFFF000108B5 /* Build configuration list for PBXNativeTarget "DemoCB" */ = {
			isa = XCConfigurationList;
			buildConfigurations = (
				3ABFF3D7221BFFFF000108B5 /* Debug */,
				3ABFF3D8221BFFFF000108B5 /* Release */,
			);
			defaultConfigurationIsVisible = 0;
			defaultConfigurationName = Release;
		};
		3ABFF3D9221BFFFF000108B5 /* Build configuration list for PBXNativeTarget "DemoCBTests" */ = {
			isa = XCConfigurationList;
			buildConfigurations = (
				3ABFF3DA221BFFFF000108B5 /* Debug */,
				3ABFF3DB221BFFFF000108B5 /* Release */,
			);
			defaultConfigurationIsVisible = 0;
			defaultConfigurationName = Release;
		};
/* End XCConfigurationList section */

/* Begin XCVersionGroup section */
		3AE1831422290B07002CC28E /* DemoCB.xcdatamodeld */ = {
			isa = XCVersionGroup;
			children = (
				3AE1831522290B07002CC28E /* DemoCB.xcdatamodel */,
			);
			currentVersion = 3AE1831522290B07002CC28E /* DemoCB.xcdatamodel */;
			path = DemoCB.xcdatamodeld;
			sourceTree = "<group>";
			versionGroupType = wrapper.xcdatamodel;
		};
/* End XCVersionGroup section */
	};
	rootObject = 3ABFF3AF221BFFF9000108B5 /* Project object */;
}
